
Microsoft Visual Studio Solution File, Format Version 12.00
# Visual Studio Version 17
VisualStudioVersion = 17.4.33213.308
MinimumVisualStudioVersion = 10.0.40219.1
Project("{8BC9CEB8-8B4A-11D0-8D11-00A0C91BC942}") = "Lab9(official)", "Lab9(official)\Lab9(official).vcxproj", "{801603F4-CA66-4E1B-955E-919978803D5D}"
EndProject
Global
	GlobalSection(SolutionConfigurationPlatforms) = preSolution
		Debug|x64 = Debug|x64
		Debug|x86 = Debug|x86
		Release|x64 = Release|x64
		Release|x86 = Release|x86
	EndGlobalSection
	GlobalSection(ProjectConfigurationPlatforms) = postSolution
		{801603F4-CA66-4E1B-955E-919978803D5D}.Debug|x64.ActiveCfg = Debug|x64
		{801603F4-CA66-4E1B-955E-919978803D5D}.Debug|x64.Build.0 = Debug|x64
		{801603F4-CA66-4E1B-955E-919978803D5D}.Debug|x86.ActiveCfg = Debug|Win32
		{801603F4-CA66-4E1B-955E-919978803D5D}.Debug|x86.Build.0 = Debug|Win32
		{801603F4-CA66-4E1B-955E-919978803D5D}.Release|x64.ActiveCfg = Release|x64
		{801603F4-CA66-4E1B-955E-919978803D5D}.Release|x64.Build.0 = Release|x64
		{801603F4-CA66-4E1B-955E-919978803D5D}.Release|x86.ActiveCfg = Release|Win32
		{801603F4-CA66-4E1B-955E-919978803D5D}.Release|x86.Build.0 = Release|Win32
	EndGlobalSection
	GlobalSection(SolutionProperties) = preSolution
		HideSolutionNode = FALSE
	EndGlobalSection
	GlobalSection(ExtensibilityGlobals) = postSolution
		SolutionGuid = {88CEA45E-1590-4E75-AE12-418FF3D408DC}
	EndGlobalSection
EndGlobal
